
Microsoft Visual Studio Solution File, Format Version 12.00
# Visual Studio Version 17
VisualStudioVersion = 17.8.34330.188
MinimumVisualStudioVersion = 10.0.40219.1
Project("{2150E333-8FDC-42A3-9474-1A3956D46DE8}") = "Src", "Src", "{BE80BD3A-68C1-4E91-9A3E-E6797EACB334}"
EndProject
Project("{2150E333-8FDC-42A3-9474-1A3956D46DE8}") = "Test", "Test", "{1C4B193F-24AF-4609-90EF-68D7836831D3}"
EndProject
Project("{2150E333-8FDC-42A3-9474-1A3956D46DE8}") = "Domain", "Domain", "{D1F28A7B-DDF3-4F1C-8D86-12B330856822}"
EndProject
Project("{2150E333-8FDC-42A3-9474-1A3956D46DE8}") = "Infrastructure", "Infrastructure", "{3E22F115-FA0C-4354-B07B-0B2FC160C978}"
EndProject
Project("{2150E333-8FDC-42A3-9474-1A3956D46DE8}") = "EndPoint", "EndPoint", "{51F628F5-F876-4E32-8E42-35234B91237F}"
EndProject
Project("{2150E333-8FDC-42A3-9474-1A3956D46DE8}") = "Core", "Core", "{14FCE2C0-67FD-4AB1-B16A-A22820382CCA}"
EndProject
Project("{2150E333-8FDC-42A3-9474-1A3956D46DE8}") = "Services", "Services", "{0A7E8B0A-241D-4011-8CB5-C14CC7E5FCE3}"
EndProject
Project("{FAE04EC0-301F-11D3-BF4B-00C04F79EFBC}") = "App.Domain.Core", "App.Domain.Core\App.Domain.Core.csproj", "{7AB8C841-12C9-4119-AD0D-BFF4E61CC971}"
EndProject
Project("{FAE04EC0-301F-11D3-BF4B-00C04F79EFBC}") = "App.Domain.Services", "App.Domain.Services\App.Domain.Services.csproj", "{3F31242B-6FC4-4218-A248-761BA3AA84E9}"
EndProject
Project("{FAE04EC0-301F-11D3-BF4B-00C04F79EFBC}") = "App.Domain.AppService", "App.Domain.AppService\App.Domain.AppService.csproj", "{03DF3D47-6B0D-448E-A20A-A7F40BC6B204}"
EndProject
Project("{2150E333-8FDC-42A3-9474-1A3956D46DE8}") = "DataAccess", "DataAccess", "{98FE5E53-72CB-44E8-8C0B-1979BCBAC4CF}"
EndProject
Project("{2150E333-8FDC-42A3-9474-1A3956D46DE8}") = "DB", "DB", "{A879500F-1F2B-4D24-B6EC-DA6382C5485A}"
EndProject
Project("{FAE04EC0-301F-11D3-BF4B-00C04F79EFBC}") = "App.Infra.DataAccess.Repos.EFCore", "App.Infra.DataAccess.Repos.EFCore\App.Infra.DataAccess.Repos.EFCore.csproj", "{4E45DDE5-9FAA-41F4-B250-AF731483900B}"
EndProject
Project("{FAE04EC0-301F-11D3-BF4B-00C04F79EFBC}") = "App.Infra.DB.SqlServer.EFCore", "App.Infra.DB.SqlServer.EFCore\App.Infra.DB.SqlServer.EFCore.csproj", "{861A358B-FBCC-4E68-9C1F-1627AA6A7A19}"
EndProject
Global
	GlobalSection(SolutionConfigurationPlatforms) = preSolution
		Debug|Any CPU = Debug|Any CPU
		Release|Any CPU = Release|Any CPU
	EndGlobalSection
	GlobalSection(ProjectConfigurationPlatforms) = postSolution
		{7AB8C841-12C9-4119-AD0D-BFF4E61CC971}.Debug|Any CPU.ActiveCfg = Debug|Any CPU
		{7AB8C841-12C9-4119-AD0D-BFF4E61CC971}.Debug|Any CPU.Build.0 = Debug|Any CPU
		{7AB8C841-12C9-4119-AD0D-BFF4E61CC971}.Release|Any CPU.ActiveCfg = Release|Any CPU
		{7AB8C841-12C9-4119-AD0D-BFF4E61CC971}.Release|Any CPU.Build.0 = Release|Any CPU
		{3F31242B-6FC4-4218-A248-761BA3AA84E9}.Debug|Any CPU.ActiveCfg = Debug|Any CPU
		{3F31242B-6FC4-4218-A248-761BA3AA84E9}.Debug|Any CPU.Build.0 = Debug|Any CPU
		{3F31242B-6FC4-4218-A248-761BA3AA84E9}.Release|Any CPU.ActiveCfg = Release|Any CPU
		{3F31242B-6FC4-4218-A248-761BA3AA84E9}.Release|Any CPU.Build.0 = Release|Any CPU
		{03DF3D47-6B0D-448E-A20A-A7F40BC6B204}.Debug|Any CPU.ActiveCfg = Debug|Any CPU
		{03DF3D47-6B0D-448E-A20A-A7F40BC6B204}.Debug|Any CPU.Build.0 = Debug|Any CPU
		{03DF3D47-6B0D-448E-A20A-A7F40BC6B204}.Release|Any CPU.ActiveCfg = Release|Any CPU
		{03DF3D47-6B0D-448E-A20A-A7F40BC6B204}.Release|Any CPU.Build.0 = Release|Any CPU
		{4E45DDE5-9FAA-41F4-B250-AF731483900B}.Debug|Any CPU.ActiveCfg = Debug|Any CPU
		{4E45DDE5-9FAA-41F4-B250-AF731483900B}.Debug|Any CPU.Build.0 = Debug|Any CPU
		{4E45DDE5-9FAA-41F4-B250-AF731483900B}.Release|Any CPU.ActiveCfg = Release|Any CPU
		{4E45DDE5-9FAA-41F4-B250-AF731483900B}.Release|Any CPU.Build.0 = Release|Any CPU
		{861A358B-FBCC-4E68-9C1F-1627AA6A7A19}.Debug|Any CPU.ActiveCfg = Debug|Any CPU
		{861A358B-FBCC-4E68-9C1F-1627AA6A7A19}.Debug|Any CPU.Build.0 = Debug|Any CPU
		{861A358B-FBCC-4E68-9C1F-1627AA6A7A19}.Release|Any CPU.ActiveCfg = Release|Any CPU
		{861A358B-FBCC-4E68-9C1F-1627AA6A7A19}.Release|Any CPU.Build.0 = Release|Any CPU
	EndGlobalSection
	GlobalSection(SolutionProperties) = preSolution
		HideSolutionNode = FALSE
	EndGlobalSection
	GlobalSection(NestedProjects) = preSolution
		{D1F28A7B-DDF3-4F1C-8D86-12B330856822} = {BE80BD3A-68C1-4E91-9A3E-E6797EACB334}
		{3E22F115-FA0C-4354-B07B-0B2FC160C978} = {BE80BD3A-68C1-4E91-9A3E-E6797EACB334}
		{51F628F5-F876-4E32-8E42-35234B91237F} = {BE80BD3A-68C1-4E91-9A3E-E6797EACB334}
		{14FCE2C0-67FD-4AB1-B16A-A22820382CCA} = {D1F28A7B-DDF3-4F1C-8D86-12B330856822}
		{0A7E8B0A-241D-4011-8CB5-C14CC7E5FCE3} = {D1F28A7B-DDF3-4F1C-8D86-12B330856822}
		{7AB8C841-12C9-4119-AD0D-BFF4E61CC971} = {14FCE2C0-67FD-4AB1-B16A-A22820382CCA}
		{3F31242B-6FC4-4218-A248-761BA3AA84E9} = {0A7E8B0A-241D-4011-8CB5-C14CC7E5FCE3}
		{03DF3D47-6B0D-448E-A20A-A7F40BC6B204} = {0A7E8B0A-241D-4011-8CB5-C14CC7E5FCE3}
		{98FE5E53-72CB-44E8-8C0B-1979BCBAC4CF} = {3E22F115-FA0C-4354-B07B-0B2FC160C978}
		{A879500F-1F2B-4D24-B6EC-DA6382C5485A} = {3E22F115-FA0C-4354-B07B-0B2FC160C978}
		{4E45DDE5-9FAA-41F4-B250-AF731483900B} = {98FE5E53-72CB-44E8-8C0B-1979BCBAC4CF}
		{861A358B-FBCC-4E68-9C1F-1627AA6A7A19} = {A879500F-1F2B-4D24-B6EC-DA6382C5485A}
	EndGlobalSection
	GlobalSection(ExtensibilityGlobals) = postSolution
		SolutionGuid = {825FE03C-D023-4A16-A9A5-7540463476A3}
	EndGlobalSection
EndGlobal
